
Microsoft Visual Studio Solution File, Format Version 12.00
# Visual Studio Version 17
VisualStudioVersion = 17.12.35514.174 d17.12
MinimumVisualStudioVersion = 10.0.40219.1
Project("{FAE04EC0-301F-11D3-BF4B-00C04F79EFBC}") = "MCPServer", "MCPServer\MCPServer.csproj", "{05100B10-1797-4254-8AA3-A7BC46C0E99C}"
EndProject
Global
	GlobalSection(SolutionConfigurationPlatforms) = preSolution
		Debug|Any CPU = Debug|Any CPU
		Release|Any CPU = Release|Any CPU
	EndGlobalSection
	GlobalSection(ProjectConfigurationPlatforms) = postSolution
		{05100B10-1797-4254-8AA3-A7BC46C0E99C}.Debug|Any CPU.ActiveCfg = Debug|Any CPU
		{05100B10-1797-4254-8AA3-A7BC46C0E99C}.Debug|Any CPU.Build.0 = Debug|Any CPU
		{05100B10-1797-4254-8AA3-A7BC46C0E99C}.Release|Any CPU.ActiveCfg = Release|Any CPU
		{05100B10-1797-4254-8AA3-A7BC46C0E99C}.Release|Any CPU.Build.0 = Release|Any CPU
	EndGlobalSection
	GlobalSection(SolutionProperties) = preSolution
		HideSolutionNode = FALSE
	EndGlobalSection
EndGlobal
